// !$*UTF8*$!
{
	archiveVersion = 1;
	classes = {
	};
	objectVersion = 56;
	objects = {

/* Begin PBXBuildFile section */
		FF8851702BCD8D010089D9D8 /* CarDiagnosisApp.swift in Sources */ = {isa = PBXBuildFile; fileRef = FF88516F2BCD8D010089D9D8 /* CarDiagnosisApp.swift */; };
		FF8851722BCD8D010089D9D8 /* ContentView.swift in Sources */ = {isa = PBXBuildFile; fileRef = FF8851712BCD8D010089D9D8 /* ContentView.swift */; };
		FF8851742BCD8D030089D9D8 /* Assets.xcassets in Resources */ = {isa = PBXBuildFile; fileRef = FF8851732BCD8D030089D9D8 /* Assets.xcassets */; };
		FF8851772BCD8D030089D9D8 /* Preview Assets.xcassets in Resources */ = {isa = PBXBuildFile; fileRef = FF8851762BCD8D030089D9D8 /* Preview Assets.xcassets */; };
		FF88517E2BCD9B930089D9D8 /* General.swift in Sources */ = {isa = PBXBuildFile; fileRef = FF88517D2BCD9B930089D9D8 /* General.swift */; };
		FF8851802BCD9BA20089D9D8 /* Diagnosis.swift in Sources */ = {isa = PBXBuildFile; fileRef = FF88517F2BCD9BA20089D9D8 /* Diagnosis.swift */; };
		FF8851822BCDA1460089D9D8 /* ChatBot.swift in Sources */ = {isa = PBXBuildFile; fileRef = FF8851812BCDA1460089D9D8 /* ChatBot.swift */; };
		FF8851842BCDA9390089D9D8 /* FinalPage.swift in Sources */ = {isa = PBXBuildFile; fileRef = FF8851832BCDA9390089D9D8 /* FinalPage.swift */; };
		FF8851862BCDB5620089D9D8 /* FindParts.swift in Sources */ = {isa = PBXBuildFile; fileRef = FF8851852BCDB5620089D9D8 /* FindParts.swift */; };
		FF8851882BCDB56D0089D9D8 /* FindDealers.swift in Sources */ = {isa = PBXBuildFile; fileRef = FF8851872BCDB56D0089D9D8 /* FindDealers.swift */; };
		FF88518A2BCDB70C0089D9D8 /* DiagnosisChatBot.swift in Sources */ = {isa = PBXBuildFile; fileRef = FF8851892BCDB70C0089D9D8 /* DiagnosisChatBot.swift */; };
		FFB6D1562BD0BC500068029F /* NetworkRequests.swift in Sources */ = {isa = PBXBuildFile; fileRef = FFB6D1552BD0BC500068029F /* NetworkRequests.swift */; };
/* End PBXBuildFile section */

/* Begin PBXFileReference section */
		FF88516C2BCD8D010089D9D8 /* CarDiagnosis.app */ = {isa = PBXFileReference; explicitFileType = wrapper.application; includeInIndex = 0; path = CarDiagnosis.app; sourceTree = BUILT_PRODUCTS_DIR; };
		FF88516F2BCD8D010089D9D8 /* CarDiagnosisApp.swift */ = {isa = PBXFileReference; lastKnownFileType = sourcecode.swift; path = CarDiagnosisApp.swift; sourceTree = "<group>"; };
		FF8851712BCD8D010089D9D8 /* ContentView.swift */ = {isa = PBXFileReference; lastKnownFileType = sourcecode.swift; path = ContentView.swift; sourceTree = "<group>"; };
		FF8851732BCD8D030089D9D8 /* Assets.xcassets */ = {isa = PBXFileReference; lastKnownFileType = folder.assetcatalog; path = Assets.xcassets; sourceTree = "<group>"; };
		FF8851762BCD8D030089D9D8 /* Preview Assets.xcassets */ = {isa = PBXFileReference; lastKnownFileType = folder.assetcatalog; path = "Preview Assets.xcassets"; sourceTree = "<group>"; };
		FF88517D2BCD9B930089D9D8 /* General.swift */ = {isa = PBXFileReference; lastKnownFileType = sourcecode.swift; path = General.swift; sourceTree = "<group>"; };
		FF88517F2BCD9BA20089D9D8 /* Diagnosis.swift */ = {isa = PBXFileReference; lastKnownFileType = sourcecode.swift; path = Diagnosis.swift; sourceTree = "<group>"; };
		FF8851812BCDA1460089D9D8 /* ChatBot.swift */ = {isa = PBXFileReference; lastKnownFileType = sourcecode.swift; path = ChatBot.swift; sourceTree = "<group>"; };
		FF8851832BCDA9390089D9D8 /* FinalPage.swift */ = {isa = PBXFileReference; lastKnownFileType = sourcecode.swift; path = FinalPage.swift; sourceTree = "<group>"; };
		FF8851852BCDB5620089D9D8 /* FindParts.swift */ = {isa = PBXFileReference; lastKnownFileType = sourcecode.swift; path = FindParts.swift; sourceTree = "<group>"; };
		FF8851872BCDB56D0089D9D8 /* FindDealers.swift */ = {isa = PBXFileReference; lastKnownFileType = sourcecode.swift; path = FindDealers.swift; sourceTree = "<group>"; };
		FF8851892BCDB70C0089D9D8 /* DiagnosisChatBot.swift */ = {isa = PBXFileReference; lastKnownFileType = sourcecode.swift; path = DiagnosisChatBot.swift; sourceTree = "<group>"; };
		FFB6D1552BD0BC500068029F /* NetworkRequests.swift */ = {isa = PBXFileReference; lastKnownFileType = sourcecode.swift; path = NetworkRequests.swift; sourceTree = "<group>"; };
		FFB6D1592BD0C0BD0068029F /* Info.plist */ = {isa = PBXFileReference; lastKnownFileType = text.plist; path = Info.plist; sourceTree = "<group>"; };
/* End PBXFileReference section */

/* Begin PBXFrameworksBuildPhase section */
		FF8851692BCD8D010089D9D8 /* Frameworks */ = {
			isa = PBXFrameworksBuildPhase;
			buildActionMask = 2147483647;
			files = (
			);
			runOnlyForDeploymentPostprocessing = 0;
		};
/* End PBXFrameworksBuildPhase section */

/* Begin PBXGroup section */
		FF8851632BCD8D010089D9D8 = {
			isa = PBXGroup;
			children = (
				FF88516E2BCD8D010089D9D8 /* CarDiagnosis */,
				FF88516D2BCD8D010089D9D8 /* Products */,
			);
			sourceTree = "<group>";
		};
		FF88516D2BCD8D010089D9D8 /* Products */ = {
			isa = PBXGroup;
			children = (
				FF88516C2BCD8D010089D9D8 /* CarDiagnosis.app */,
			);
			name = Products;
			sourceTree = "<group>";
		};
		FF88516E2BCD8D010089D9D8 /* CarDiagnosis */ = {
			isa = PBXGroup;
			children = (
				FFB6D1592BD0C0BD0068029F /* Info.plist */,
				FF88516F2BCD8D010089D9D8 /* CarDiagnosisApp.swift */,
				FF8851712BCD8D010089D9D8 /* ContentView.swift */,
				FF8851812BCDA1460089D9D8 /* ChatBot.swift */,
				FFB6D1552BD0BC500068029F /* NetworkRequests.swift */,
				FF88517D2BCD9B930089D9D8 /* General.swift */,
				FF88517F2BCD9BA20089D9D8 /* Diagnosis.swift */,
				FF8851892BCDB70C0089D9D8 /* DiagnosisChatBot.swift */,
				FF8851832BCDA9390089D9D8 /* FinalPage.swift */,
				FF8851852BCDB5620089D9D8 /* FindParts.swift */,
				FF8851872BCDB56D0089D9D8 /* FindDealers.swift */,
				FF8851732BCD8D030089D9D8 /* Assets.xcassets */,
				FF8851752BCD8D030089D9D8 /* Preview Content */,
			);
			path = CarDiagnosis;
			sourceTree = "<group>";
		};
		FF8851752BCD8D030089D9D8 /* Preview Content */ = {
			isa = PBXGroup;
			children = (
				FF8851762BCD8D030089D9D8 /* Preview Assets.xcassets */,
			);
			path = "Preview Content";
			sourceTree = "<group>";
		};
/* End PBXGroup section */

/* Begin PBXNativeTarget section */
		FF88516B2BCD8D010089D9D8 /* CarDiagnosis */ = {
			isa = PBXNativeTarget;
			buildConfigurationList = FF88517A2BCD8D030089D9D8 /* Build configuration list for PBXNativeTarget "CarDiagnosis" */;
			buildPhases = (
				FF8851682BCD8D010089D9D8 /* Sources */,
				FF8851692BCD8D010089D9D8 /* Frameworks */,
				FF88516A2BCD8D010089D9D8 /* Resources */,
			);
			buildRules = (
			);
			dependencies = (
			);
			name = CarDiagnosis;
			productName = CarDiagnosis;
			productReference = FF88516C2BCD8D010089D9D8 /* CarDiagnosis.app */;
			productType = "com.apple.product-type.application";
		};
/* End PBXNativeTarget section */

/* Begin PBXProject section */
		FF8851642BCD8D010089D9D8 /* Project object */ = {
			isa = PBXProject;
			attributes = {
				BuildIndependentTargetsInParallel = 1;
				LastSwiftUpdateCheck = 1500;
				LastUpgradeCheck = 1500;
				TargetAttributes = {
					FF88516B2BCD8D010089D9D8 = {
						CreatedOnToolsVersion = 15.0;
					};
				};
			};
			buildConfigurationList = FF8851672BCD8D010089D9D8 /* Build configuration list for PBXProject "CarDiagnosis" */;
			compatibilityVersion = "Xcode 14.0";
			developmentRegion = en;
			hasScannedForEncodings = 0;
			knownRegions = (
				en,
				Base,
			);
			mainGroup = FF8851632BCD8D010089D9D8;
			productRefGroup = FF88516D2BCD8D010089D9D8 /* Products */;
			projectDirPath = "";
			projectRoot = "";
			targets = (
				FF88516B2BCD8D010089D9D8 /* CarDiagnosis */,
			);
		};
/* End PBXProject section */

/* Begin PBXResourcesBuildPhase section */
		FF88516A2BCD8D010089D9D8 /* Resources */ = {
			isa = PBXResourcesBuildPhase;
			buildActionMask = 2147483647;
			files = (
				FF8851772BCD8D030089D9D8 /* Preview Assets.xcassets in Resources */,
				FF8851742BCD8D030089D9D8 /* Assets.xcassets in Resources */,
			);
			runOnlyForDeploymentPostprocessing = 0;
		};
/* End PBXResourcesBuildPhase section */

/* Begin PBXSourcesBuildPhase section */
		FF8851682BCD8D010089D9D8 /* Sources */ = {
			isa = PBXSourcesBuildPhase;
			buildActionMask = 2147483647;
			files = (
				FF8851822BCDA1460089D9D8 /* ChatBot.swift in Sources */,
				FF8851842BCDA9390089D9D8 /* FinalPage.swift in Sources */,
				FF88517E2BCD9B930089D9D8 /* General.swift in Sources */,
				FF88518A2BCDB70C0089D9D8 /* DiagnosisChatBot.swift in Sources */,
				FF8851722BCD8D010089D9D8 /* ContentView.swift in Sources */,
				FF8851702BCD8D010089D9D8 /* CarDiagnosisApp.swift in Sources */,
				FFB6D1562BD0BC500068029F /* NetworkRequests.swift in Sources */,
				FF8851882BCDB56D0089D9D8 /* FindDealers.swift in Sources */,
				FF8851802BCD9BA20089D9D8 /* Diagnosis.swift in Sources */,
				FF8851862BCDB5620089D9D8 /* FindParts.swift in Sources */,
			);
			runOnlyForDeploymentPostprocessing = 0;
		};
/* End PBXSourcesBuildPhase section */

/* Begin XCBuildConfiguration section */
		FF8851782BCD8D030089D9D8 /* Debug */ = {
			isa = XCBuildConfiguration;
			buildSettings = {
				ALWAYS_SEARCH_USER_PATHS = NO;
				ASSETCATALOG_COMPILER_GENERATE_SWIFT_ASSET_SYMBOL_EXTENSIONS = YES;
				CLANG_ANALYZER_NONNULL = YES;
				CLANG_ANALYZER_NUMBER_OBJECT_CONVERSION = YES_AGGRESSIVE;
				CLANG_CXX_LANGUAGE_STANDARD = "gnu++20";
				CLANG_ENABLE_MODULES = YES;
				CLANG_ENABLE_OBJC_ARC = YES;
				CLANG_ENABLE_OBJC_WEAK = YES;
				CLANG_WARN_BLOCK_CAPTURE_AUTORELEASING = YES;
				CLANG_WARN_BOOL_CONVERSION = YES;
				CLANG_WARN_COMMA = YES;
				CLANG_WARN_CONSTANT_CONVERSION = YES;
				CLANG_WARN_DEPRECATED_OBJC_IMPLEMENTATIONS = YES;
				CLANG_WARN_DIRECT_OBJC_ISA_USAGE = YES_ERROR;
				CLANG_WARN_DOCUMENTATION_COMMENTS = YES;
				CLANG_WARN_EMPTY_BODY = YES;
				CLANG_WARN_ENUM_CONVERSION = YES;
				CLANG_WARN_INFINITE_RECURSION = YES;
				CLANG_WARN_INT_CONVERSION = YES;
				CLANG_WARN_NON_LITERAL_NULL_CONVERSION = YES;
				CLANG_WARN_OBJC_IMPLICIT_RETAIN_SELF = YES;
				CLANG_WARN_OBJC_LITERAL_CONVERSION = YES;
				CLANG_WARN_OBJC_ROOT_CLASS = YES_ERROR;
				CLANG_WARN_QUOTED_INCLUDE_IN_FRAMEWORK_HEADER = YES;
				CLANG_WARN_RANGE_LOOP_ANALYSIS = YES;
				CLANG_WARN_STRICT_PROTOTYPES = YES;
				CLANG_WARN_SUSPICIOUS_MOVE = YES;
				CLANG_WARN_UNGUARDED_AVAILABILITY = YES_AGGRESSIVE;
				CLANG_WARN_UNREACHABLE_CODE = YES;
				CLANG_WARN__DUPLICATE_METHOD_MATCH = YES;
				COPY_PHASE_STRIP = NO;
				DEBUG_INFORMATION_FORMAT = dwarf;
				ENABLE_STRICT_OBJC_MSGSEND = YES;
				ENABLE_TESTABILITY = YES;
				ENABLE_USER_SCRIPT_SANDBOXING = YES;
				GCC_C_LANGUAGE_STANDARD = gnu17;
				GCC_DYNAMIC_NO_PIC = NO;
				GCC_NO_COMMON_BLOCKS = YES;
				GCC_OPTIMIZATION_LEVEL = 0;
				GCC_PREPROCESSOR_DEFINITIONS = (
					"DEBUG=1",
					"$(inherited)",
				);
				GCC_WARN_64_TO_32_BIT_CONVERSION = YES;
				GCC_WARN_ABOUT_RETURN_TYPE = YES_ERROR;
				GCC_WARN_UNDECLARED_SELECTOR = YES;
				GCC_WARN_UNINITIALIZED_AUTOS = YES_AGGRESSIVE;
				GCC_WARN_UNUSED_FUNCTION = YES;
				GCC_WARN_UNUSED_VARIABLE = YES;
				IPHONEOS_DEPLOYMENT_TARGET = 17.0;
				LOCALIZATION_PREFERS_STRING_CATALOGS = YES;
				MTL_ENABLE_DEBUG_INFO = INCLUDE_SOURCE;
				MTL_FAST_MATH = YES;
				ONLY_ACTIVE_ARCH = YES;
				SDKROOT = iphoneos;
				SWIFT_ACTIVE_COMPILATION_CONDITIONS = "DEBUG $(inherited)";
				SWIFT_OPTIMIZATION_LEVEL = "-Onone";
			};
			name = Debug;
		};
		FF8851792BCD8D030089D9D8 /* Release */ = {
			isa = XCBuildConfiguration;
			buildSettings = {
				ALWAYS_SEARCH_USER_PATHS = NO;
				ASSETCATALOG_COMPILER_GENERATE_SWIFT_ASSET_SYMBOL_EXTENSIONS = YES;
				CLANG_ANALYZER_NONNULL = YES;
				CLANG_ANALYZER_NUMBER_OBJECT_CONVERSION = YES_AGGRESSIVE;
				CLANG_CXX_LANGUAGE_STANDARD = "gnu++20";
				CLANG_ENABLE_MODULES = YES;
				CLANG_ENABLE_OBJC_ARC = YES;
				CLANG_ENABLE_OBJC_WEAK = YES;
				CLANG_WARN_BLOCK_CAPTURE_AUTORELEASING = YES;
				CLANG_WARN_BOOL_CONVERSION = YES;
				CLANG_WARN_COMMA = YES;
				CLANG_WARN_CONSTANT_CONVERSION = YES;
				CLANG_WARN_DEPRECATED_OBJC_IMPLEMENTATIONS = YES;
				CLANG_WARN_DIRECT_OBJC_ISA_USAGE = YES_ERROR;
				CLANG_WARN_DOCUMENTATION_COMMENTS = YES;
				CLANG_WARN_EMPTY_BODY = YES;
				CLANG_WARN_ENUM_CONVERSION = YES;
				CLANG_WARN_INFINITE_RECURSION = YES;
				CLANG_WARN_INT_CONVERSION = YES;
				CLANG_WARN_NON_LITERAL_NULL_CONVERSION = YES;
				CLANG_WARN_OBJC_IMPLICIT_RETAIN_SELF = YES;
				CLANG_WARN_OBJC_LITERAL_CONVERSION = YES;
				CLANG_WARN_OBJC_ROOT_CLASS = YES_ERROR;
				CLANG_WARN_QUOTED_INCLUDE_IN_FRAMEWORK_HEADER = YES;
				CLANG_WARN_RANGE_LOOP_ANALYSIS = YES;
				CLANG_WARN_STRICT_PROTOTYPES = YES;
				CLANG_WARN_SUSPICIOUS_MOVE = YES;
				CLANG_WARN_UNGUARDED_AVAILABILITY = YES_AGGRESSIVE;
				CLANG_WARN_UNREACHABLE_CODE = YES;
				CLANG_WARN__DUPLICATE_METHOD_MATCH = YES;
				COPY_PHASE_STRIP = NO;
				DEBUG_INFORMATION_FORMAT = "dwarf-with-dsym";
				ENABLE_NS_ASSERTIONS = NO;
				ENABLE_STRICT_OBJC_MSGSEND = YES;
				ENABLE_USER_SCRIPT_SANDBOXING = YES;
				GCC_C_LANGUAGE_STANDARD = gnu17;
				GCC_NO_COMMON_BLOCKS = YES;
				GCC_WARN_64_TO_32_BIT_CONVERSION = YES;
				GCC_WARN_ABOUT_RETURN_TYPE = YES_ERROR;
				GCC_WARN_UNDECLARED_SELECTOR = YES;
				GCC_WARN_UNINITIALIZED_AUTOS = YES_AGGRESSIVE;
				GCC_WARN_UNUSED_FUNCTION = YES;
				GCC_WARN_UNUSED_VARIABLE = YES;
				IPHONEOS_DEPLOYMENT_TARGET = 17.0;
				LOCALIZATION_PREFERS_STRING_CATALOGS = YES;
				MTL_ENABLE_DEBUG_INFO = NO;
				MTL_FAST_MATH = YES;
				SDKROOT = iphoneos;
				SWIFT_COMPILATION_MODE = wholemodule;
				VALIDATE_PRODUCT = YES;
			};
			name = Release;
		};
		FF88517B2BCD8D030089D9D8 /* Debug */ = {
			isa = XCBuildConfiguration;
			buildSettings = {
				ASSETCATALOG_COMPILER_APPICON_NAME = AppIcon;
				ASSETCATALOG_COMPILER_GLOBAL_ACCENT_COLOR_NAME = AccentColor;
				CODE_SIGN_STYLE = Automatic;
				CURRENT_PROJECT_VERSION = 1;
				DEVELOPMENT_ASSET_PATHS = "\"CarDiagnosis/Preview Content\"";
				DEVELOPMENT_TEAM = 8YW5VMK28L;
				ENABLE_PREVIEWS = YES;
				GENERATE_INFOPLIST_FILE = YES;
				INFOPLIST_FILE = CarDiagnosis/Info.plist;
				INFOPLIST_KEY_UIApplicationSceneManifest_Generation = YES;
				INFOPLIST_KEY_UIApplicationSupportsIndirectInputEvents = YES;
				INFOPLIST_KEY_UILaunchScreen_Generation = YES;
				INFOPLIST_KEY_UISupportedInterfaceOrientations_iPad = "UIInterfaceOrientationPortrait UIInterfaceOrientationPortraitUpsideDown UIInterfaceOrientationLandscapeLeft UIInterfaceOrientationLandscapeRight";
				INFOPLIST_KEY_UISupportedInterfaceOrientations_iPhone = "UIInterfaceOrientationPortrait UIInterfaceOrientationLandscapeLeft UIInterfaceOrientationLandscapeRight";
				LD_RUNPATH_SEARCH_PATHS = (
					"$(inherited)",
					"@executable_path/Frameworks",
				);
				MARKETING_VERSION = 1.0;
				PRODUCT_BUNDLE_IDENTIFIER = com.roman.test.CarDiagnosis;
				PRODUCT_NAME = "$(TARGET_NAME)";
				SWIFT_EMIT_LOC_STRINGS = YES;
				SWIFT_VERSION = 5.0;
				TARGETED_DEVICE_FAMILY = "1,2";
			};
			name = Debug;
		};
		FF88517C2BCD8D030089D9D8 /* Release */ = {
			isa = XCBuildConfiguration;
			buildSettings = {
				ASSETCATALOG_COMPILER_APPICON_NAME = AppIcon;
				ASSETCATALOG_COMPILER_GLOBAL_ACCENT_COLOR_NAME = AccentColor;
				CODE_SIGN_STYLE = Automatic;
				CURRENT_PROJECT_VERSION = 1;
				DEVELOPMENT_ASSET_PATHS = "\"CarDiagnosis/Preview Content\"";
				DEVELOPMENT_TEAM = 8YW5VMK28L;
				ENABLE_PREVIEWS = YES;
				GENERATE_INFOPLIST_FILE = YES;
				INFOPLIST_FILE = CarDiagnosis/Info.plist;
				INFOPLIST_KEY_UIApplicationSceneManifest_Generation = YES;
				INFOPLIST_KEY_UIApplicationSupportsIndirectInputEvents = YES;
				INFOPLIST_KEY_UILaunchScreen_Generation = YES;
				INFOPLIST_KEY_UISupportedInterfaceOrientations_iPad = "UIInterfaceOrientationPortrait UIInterfaceOrientationPortraitUpsideDown UIInterfaceOrientationLandscapeLeft UIInterfaceOrientationLandscapeRight";
				INFOPLIST_KEY_UISupportedInterfaceOrientations_iPhone = "UIInterfaceOrientationPortrait UIInterfaceOrientationLandscapeLeft UIInterfaceOrientationLandscapeRight";
				LD_RUNPATH_SEARCH_PATHS = (
					"$(inherited)",
					"@executable_path/Frameworks",
				);
				MARKETING_VERSION = 1.0;
				PRODUCT_BUNDLE_IDENTIFIER = com.roman.test.CarDiagnosis;
				PRODUCT_NAME = "$(TARGET_NAME)";
				SWIFT_EMIT_LOC_STRINGS = YES;
				SWIFT_VERSION = 5.0;
				TARGETED_DEVICE_FAMILY = "1,2";
			};
			name = Release;
		};
/* End XCBuildConfiguration section */

/* Begin XCConfigurationList section */
		FF8851672BCD8D010089D9D8 /* Build configuration list for PBXProject "CarDiagnosis" */ = {
			isa = XCConfigurationList;
			buildConfigurations = (
				FF8851782BCD8D030089D9D8 /* Debug */,
				FF8851792BCD8D030089D9D8 /* Release */,
			);
			defaultConfigurationIsVisible = 0;
			defaultConfigurationName = Release;
		};
		FF88517A2BCD8D030089D9D8 /* Build configuration list for PBXNativeTarget "CarDiagnosis" */ = {
			isa = XCConfigurationList;
			buildConfigurations = (
				FF88517B2BCD8D030089D9D8 /* Debug */,
				FF88517C2BCD8D030089D9D8 /* Release */,
			);
			defaultConfigurationIsVisible = 0;
			defaultConfigurationName = Release;
		};
/* End XCConfigurationList section */
	};
	rootObject = FF8851642BCD8D010089D9D8 /* Project object */;
}
